// !$*UTF8*$!
{
	archiveVersion = 1;
	classes = {
	};
	objectVersion = 46;
	objects = {

/* Begin PBXBuildFile section */
		F9698E741A06E5CC008E9EE0 /* main.cpp in Sources */ = {isa = PBXBuildFile; fileRef = F9698E731A06E5CC008E9EE0 /* main.cpp */; };
		F9698E7C1A06E650008E9EE0 /* libjpeg.a in Frameworks */ = {isa = PBXBuildFile; fileRef = F9698E7A1A06E650008E9EE0 /* libjpeg.a */; };
		F9698E7D1A06E650008E9EE0 /* libpicio.a in Frameworks */ = {isa = PBXBuildFile; fileRef = F9698E7B1A06E650008E9EE0 /* libpicio.a */; };
		F9698E801A06E6D0008E9EE0 /* OpenGL.framework in Frameworks */ = {isa = PBXBuildFile; fileRef = F9698E7F1A06E6D0008E9EE0 /* OpenGL.framework */; };
		F9698E821A06E6E3008E9EE0 /* GLUT.framework in Frameworks */ = {isa = PBXBuildFile; fileRef = F9698E811A06E6E3008E9EE0 /* GLUT.framework */; };
/* End PBXBuildFile section */

/* Begin PBXCopyFilesBuildPhase section */
		F9698E6E1A06E5CC008E9EE0 /* CopyFiles */ = {
			isa = PBXCopyFilesBuildPhase;
			buildActionMask = 2147483647;
			dstPath = /usr/share/man/man1/;
			dstSubfolderSpec = 0;
			files = (
			);
			runOnlyForDeploymentPostprocessing = 1;
		};
/* End PBXCopyFilesBuildPhase section */

/* Begin PBXFileReference section */
		F9698E701A06E5CC008E9EE0 /* RayTracer */ = {isa = PBXFileReference; explicitFileType = "compiled.mach-o.executable"; includeInIndex = 0; path = RayTracer; sourceTree = BUILT_PRODUCTS_DIR; };
		F9698E731A06E5CC008E9EE0 /* main.cpp */ = {isa = PBXFileReference; lastKnownFileType = sourcecode.cpp.cpp; path = main.cpp; sourceTree = "<group>"; };
		F9698E7A1A06E650008E9EE0 /* libjpeg.a */ = {isa = PBXFileReference; lastKnownFileType = archive.ar; name = libjpeg.a; path = pic/libjpeg.a; sourceTree = SOURCE_ROOT; };
		F9698E7B1A06E650008E9EE0 /* libpicio.a */ = {isa = PBXFileReference; lastKnownFileType = archive.ar; name = libpicio.a; path = pic/libpicio.a; sourceTree = SOURCE_ROOT; };
		F9698E7E1A06E6A1008E9EE0 /* pic.h */ = {isa = PBXFileReference; fileEncoding = 4; lastKnownFileType = sourcecode.c.h; name = pic.h; path = pic/pic.h; sourceTree = SOURCE_ROOT; };
		F9698E7F1A06E6D0008E9EE0 /* OpenGL.framework */ = {isa = PBXFileReference; lastKnownFileType = wrapper.framework; name = OpenGL.framework; path = System/Library/Frameworks/OpenGL.framework; sourceTree = SDKROOT; };
		F9698E811A06E6E3008E9EE0 /* GLUT.framework */ = {isa = PBXFileReference; lastKnownFileType = wrapper.framework; name = GLUT.framework; path = System/Library/Frameworks/GLUT.framework; sourceTree = SDKROOT; };
		F98DAE6F1A070CFA009B5077 /* test1.scene */ = {isa = PBXFileReference; fileEncoding = 4; lastKnownFileType = text; path = test1.scene; sourceTree = "<group>"; };
		F9ADDC1B1A1D39E400CB08C3 /* screenfile.txt */ = {isa = PBXFileReference; fileEncoding = 4; lastKnownFileType = text; name = screenfile.txt; path = RayTracer/screenfile.txt; sourceTree = "<group>"; };
/* End PBXFileReference section */

/* Begin PBXFrameworksBuildPhase section */
		F9698E6D1A06E5CC008E9EE0 /* Frameworks */ = {
			isa = PBXFrameworksBuildPhase;
			buildActionMask = 2147483647;
			files = (
				F9698E821A06E6E3008E9EE0 /* GLUT.framework in Frameworks */,
				F9698E801A06E6D0008E9EE0 /* OpenGL.framework in Frameworks */,
				F9698E7D1A06E650008E9EE0 /* libpicio.a in Frameworks */,
				F9698E7C1A06E650008E9EE0 /* libjpeg.a in Frameworks */,
			);
			runOnlyForDeploymentPostprocessing = 0;
		};
/* End PBXFrameworksBuildPhase section */

/* Begin PBXGroup section */
		F9698E671A06E5CC008E9EE0 = {
			isa = PBXGroup;
			children = (
				F9ADDC1B1A1D39E400CB08C3 /* screenfile.txt */,
				F98DAE6F1A070CFA009B5077 /* test1.scene */,
				F9698E811A06E6E3008E9EE0 /* GLUT.framework */,
				F9698E7F1A06E6D0008E9EE0 /* OpenGL.framework */,
				F9698E7A1A06E650008E9EE0 /* libjpeg.a */,
				F9698E7B1A06E650008E9EE0 /* libpicio.a */,
				F9698E721A06E5CC008E9EE0 /* RayTracer */,
				F9698E711A06E5CC008E9EE0 /* Products */,
			);
			sourceTree = "<group>";
		};
		F9698E711A06E5CC008E9EE0 /* Products */ = {
			isa = PBXGroup;
			children = (
				F9698E701A06E5CC008E9EE0 /* RayTracer */,
			);
			name = Products;
			sourceTree = "<group>";
		};
		F9698E721A06E5CC008E9EE0 /* RayTracer */ = {
			isa = PBXGroup;
			children = (
				F9698E731A06E5CC008E9EE0 /* main.cpp */,
				F9698E7E1A06E6A1008E9EE0 /* pic.h */,
			);
			path = RayTracer;
			sourceTree = "<group>";
		};
/* End PBXGroup section */

/* Begin PBXNativeTarget section */
		F9698E6F1A06E5CC008E9EE0 /* RayTracer */ = {
			isa = PBXNativeTarget;
			buildConfigurationList = F9698E771A06E5CC008E9EE0 /* Build configuration list for PBXNativeTarget "RayTracer" */;
			buildPhases = (
				F9698E6C1A06E5CC008E9EE0 /* Sources */,
				F9698E6D1A06E5CC008E9EE0 /* Frameworks */,
				F9698E6E1A06E5CC008E9EE0 /* CopyFiles */,
			);
			buildRules = (
			);
			dependencies = (
			);
			name = RayTracer;
			productName = RayTracer;
			productReference = F9698E701A06E5CC008E9EE0 /* RayTracer */;
			productType = "com.apple.product-type.tool";
		};
/* End PBXNativeTarget section */

/* Begin PBXProject section */
		F9698E681A06E5CC008E9EE0 /* Project object */ = {
			isa = PBXProject;
			attributes = {
				LastUpgradeCheck = 0610;
				ORGANIZATIONNAME = "Josh Greenberger";
				TargetAttributes = {
					F9698E6F1A06E5CC008E9EE0 = {
						CreatedOnToolsVersion = 6.1;
					};
				};
			};
			buildConfigurationList = F9698E6B1A06E5CC008E9EE0 /* Build configuration list for PBXProject "RayTracer" */;
			compatibilityVersion = "Xcode 3.2";
			developmentRegion = English;
			hasScannedForEncodings = 0;
			knownRegions = (
				en,
			);
			mainGroup = F9698E671A06E5CC008E9EE0;
			productRefGroup = F9698E711A06E5CC008E9EE0 /* Products */;
			projectDirPath = "";
			projectRoot = "";
			targets = (
				F9698E6F1A06E5CC008E9EE0 /* RayTracer */,
			);
		};
/* End PBXProject section */

/* Begin PBXSourcesBuildPhase section */
		F9698E6C1A06E5CC008E9EE0 /* Sources */ = {
			isa = PBXSourcesBuildPhase;
			buildActionMask = 2147483647;
			files = (
				F9698E741A06E5CC008E9EE0 /* main.cpp in Sources */,
			);
			runOnlyForDeploymentPostprocessing = 0;
		};
/* End PBXSourcesBuildPhase section */

/* Begin XCBuildConfiguration section */
		F9698E751A06E5CC008E9EE0 /* Debug */ = {
			isa = XCBuildConfiguration;
			buildSettings = {
				ALWAYS_SEARCH_USER_PATHS = NO;
				CLANG_CXX_LANGUAGE_STANDARD = "gnu++0x";
				CLANG_CXX_LIBRARY = "libc++";
				CLANG_ENABLE_MODULES = YES;
				CLANG_ENABLE_OBJC_ARC = YES;
				CLANG_WARN_BOOL_CONVERSION = YES;
				CLANG_WARN_CONSTANT_CONVERSION = YES;
				CLANG_WARN_DIRECT_OBJC_ISA_USAGE = YES_ERROR;
				CLANG_WARN_EMPTY_BODY = YES;
				CLANG_WARN_ENUM_CONVERSION = YES;
				CLANG_WARN_INT_CONVERSION = YES;
				CLANG_WARN_OBJC_ROOT_CLASS = YES_ERROR;
				CLANG_WARN_UNREACHABLE_CODE = YES;
				CLANG_WARN__DUPLICATE_METHOD_MATCH = YES;
				COPY_PHASE_STRIP = NO;
				ENABLE_STRICT_OBJC_MSGSEND = YES;
				GCC_C_LANGUAGE_STANDARD = gnu99;
				GCC_DYNAMIC_NO_PIC = NO;
				GCC_OPTIMIZATION_LEVEL = 0;
				GCC_PREPROCESSOR_DEFINITIONS = (
					"DEBUG=1",
					"$(inherited)",
				);
				GCC_SYMBOLS_PRIVATE_EXTERN = NO;
				GCC_WARN_64_TO_32_BIT_CONVERSION = YES;
				GCC_WARN_ABOUT_RETURN_TYPE = YES_ERROR;
				GCC_WARN_UNDECLARED_SELECTOR = YES;
				GCC_WARN_UNINITIALIZED_AUTOS = YES_AGGRESSIVE;
				GCC_WARN_UNUSED_FUNCTION = YES;
				GCC_WARN_UNUSED_VARIABLE = YES;
				MACOSX_DEPLOYMENT_TARGET = 10.9;
				MTL_ENABLE_DEBUG_INFO = YES;
				ONLY_ACTIVE_ARCH = YES;
				SDKROOT = macosx;
			};
			name = Debug;
		};
		F9698E761A06E5CC008E9EE0 /* Release */ = {
			isa = XCBuildConfiguration;
			buildSettings = {
				ALWAYS_SEARCH_USER_PATHS = NO;
				CLANG_CXX_LANGUAGE_STANDARD = "gnu++0x";
				CLANG_CXX_LIBRARY = "libc++";
				CLANG_ENABLE_MODULES = YES;
				CLANG_ENABLE_OBJC_ARC = YES;
				CLANG_WARN_BOOL_CONVERSION = YES;
				CLANG_WARN_CONSTANT_CONVERSION = YES;
				CLANG_WARN_DIRECT_OBJC_ISA_USAGE = YES_ERROR;
				CLANG_WARN_EMPTY_BODY = YES;
				CLANG_WARN_ENUM_CONVERSION = YES;
				CLANG_WARN_INT_CONVERSION = YES;
				CLANG_WARN_OBJC_ROOT_CLASS = YES_ERROR;
				CLANG_WARN_UNREACHABLE_CODE = YES;
				CLANG_WARN__DUPLICATE_METHOD_MATCH = YES;
				COPY_PHASE_STRIP = YES;
				DEBUG_INFORMATION_FORMAT = "dwarf-with-dsym";
				ENABLE_NS_ASSERTIONS = NO;
				ENABLE_STRICT_OBJC_MSGSEND = YES;
				GCC_C_LANGUAGE_STANDARD = gnu99;
				GCC_WARN_64_TO_32_BIT_CONVERSION = YES;
				GCC_WARN_ABOUT_RETURN_TYPE = YES_ERROR;
				GCC_WARN_UNDECLARED_SELECTOR = YES;
				GCC_WARN_UNINITIALIZED_AUTOS = YES_AGGRESSIVE;
				GCC_WARN_UNUSED_FUNCTION = YES;
				GCC_WARN_UNUSED_VARIABLE = YES;
				MACOSX_DEPLOYMENT_TARGET = 10.9;
				MTL_ENABLE_DEBUG_INFO = NO;
				SDKROOT = macosx;
			};
			name = Release;
		};
		F9698E781A06E5CC008E9EE0 /* Debug */ = {
			isa = XCBuildConfiguration;
			buildSettings = {
				LIBRARY_SEARCH_PATHS = (
					"$(inherited)",
					"$(PROJECT_DIR)/pic",
				);
				PRODUCT_NAME = "$(TARGET_NAME)";
			};
			name = Debug;
		};
		F9698E791A06E5CC008E9EE0 /* Release */ = {
			isa = XCBuildConfiguration;
			buildSettings = {
				LIBRARY_SEARCH_PATHS = (
					"$(inherited)",
					"$(PROJECT_DIR)/pic",
				);
				PRODUCT_NAME = "$(TARGET_NAME)";
			};
			name = Release;
		};
/* End XCBuildConfiguration section */

/* Begin XCConfigurationList section */
		F9698E6B1A06E5CC008E9EE0 /* Build configuration list for PBXProject "RayTracer" */ = {
			isa = XCConfigurationList;
			buildConfigurations = (
				F9698E751A06E5CC008E9EE0 /* Debug */,
				F9698E761A06E5CC008E9EE0 /* Release */,
			);
			defaultConfigurationIsVisible = 0;
			defaultConfigurationName = Release;
		};
		F9698E771A06E5CC008E9EE0 /* Build configuration list for PBXNativeTarget "RayTracer" */ = {
			isa = XCConfigurationList;
			buildConfigurations = (
				F9698E781A06E5CC008E9EE0 /* Debug */,
				F9698E791A06E5CC008E9EE0 /* Release */,
			);
			defaultConfigurationIsVisible = 0;
			defaultConfigurationName = Release;
		};
/* End XCConfigurationList section */
	};
	rootObject = F9698E681A06E5CC008E9EE0 /* Project object */;
}
